// !$*UTF8*$!
{
	archiveVersion = 1;
	classes = {
	};
	objectVersion = 46;
	objects = {

/* Begin PBXBuildFile section */
		8EA16B111CCB103F00B15E0A /* main.m in Sources */ = {isa = PBXBuildFile; fileRef = 8EA16B101CCB103F00B15E0A /* main.m */; };
		8EA16B141CCB103F00B15E0A /* AppDelegate.m in Sources */ = {isa = PBXBuildFile; fileRef = 8EA16B131CCB103F00B15E0A /* AppDelegate.m */; };
		8EA16B171CCB103F00B15E0A /* ViewController.m in Sources */ = {isa = PBXBuildFile; fileRef = 8EA16B161CCB103F00B15E0A /* ViewController.m */; };
		8EA16B1A1CCB103F00B15E0A /* Main.storyboard in Resources */ = {isa = PBXBuildFile; fileRef = 8EA16B181CCB103F00B15E0A /* Main.storyboard */; };
		8EA16B1C1CCB103F00B15E0A /* Assets.xcassets in Resources */ = {isa = PBXBuildFile; fileRef = 8EA16B1B1CCB103F00B15E0A /* Assets.xcassets */; };
		8EA16B1F1CCB103F00B15E0A /* LaunchScreen.storyboard in Resources */ = {isa = PBXBuildFile; fileRef = 8EA16B1D1CCB103F00B15E0A /* LaunchScreen.storyboard */; };
		8EA16B2A1CCB103F00B15E0A /* NSNotifcationCrackingTests.m in Sources */ = {isa = PBXBuildFile; fileRef = 8EA16B291CCB103F00B15E0A /* NSNotifcationCrackingTests.m */; };
		8EA16B351CCB103F00B15E0A /* NSNotifcationCrackingUITests.m in Sources */ = {isa = PBXBuildFile; fileRef = 8EA16B341CCB103F00B15E0A /* NSNotifcationCrackingUITests.m */; };
		8EA16B4F1CCB1B6800B15E0A /* SecondViewController.m in Sources */ = {isa = PBXBuildFile; fileRef = 8EA16B4D1CCB1B6800B15E0A /* SecondViewController.m */; };
		8EA16B531CCB20E600B15E0A /* HHNotification.m in Sources */ = {isa = PBXBuildFile; fileRef = 8EA16B521CCB20E600B15E0A /* HHNotification.m */; };
		8EA16B561CCB20F900B15E0A /* HHNotificationCenter.m in Sources */ = {isa = PBXBuildFile; fileRef = 8EA16B551CCB20F900B15E0A /* HHNotificationCenter.m */; };
/* End PBXBuildFile section */

/* Begin PBXContainerItemProxy section */
		8EA16B261CCB103F00B15E0A /* PBXContainerItemProxy */ = {
			isa = PBXContainerItemProxy;
			containerPortal = 8EA16B041CCB103E00B15E0A /* Project object */;
			proxyType = 1;
			remoteGlobalIDString = 8EA16B0B1CCB103E00B15E0A;
			remoteInfo = NSNotifcationCracking;
		};
		8EA16B311CCB103F00B15E0A /* PBXContainerItemProxy */ = {
			isa = PBXContainerItemProxy;
			containerPortal = 8EA16B041CCB103E00B15E0A /* Project object */;
			proxyType = 1;
			remoteGlobalIDString = 8EA16B0B1CCB103E00B15E0A;
			remoteInfo = NSNotifcationCracking;
		};
/* End PBXContainerItemProxy section */

/* Begin PBXFileReference section */
		8EA16B0C1CCB103E00B15E0A /* NSNotifcationCracking.app */ = {isa = PBXFileReference; explicitFileType = wrapper.application; includeInIndex = 0; path = NSNotifcationCracking.app; sourceTree = BUILT_PRODUCTS_DIR; };
		8EA16B101CCB103F00B15E0A /* main.m */ = {isa = PBXFileReference; lastKnownFileType = sourcecode.c.objc; path = main.m; sourceTree = "<group>"; };
		8EA16B121CCB103F00B15E0A /* AppDelegate.h */ = {isa = PBXFileReference; lastKnownFileType = sourcecode.c.h; path = AppDelegate.h; sourceTree = "<group>"; };
		8EA16B131CCB103F00B15E0A /* AppDelegate.m */ = {isa = PBXFileReference; lastKnownFileType = sourcecode.c.objc; path = AppDelegate.m; sourceTree = "<group>"; };
		8EA16B151CCB103F00B15E0A /* ViewController.h */ = {isa = PBXFileReference; lastKnownFileType = sourcecode.c.h; path = ViewController.h; sourceTree = "<group>"; };
		8EA16B161CCB103F00B15E0A /* ViewController.m */ = {isa = PBXFileReference; lastKnownFileType = sourcecode.c.objc; path = ViewController.m; sourceTree = "<group>"; };
		8EA16B191CCB103F00B15E0A /* Base */ = {isa = PBXFileReference; lastKnownFileType = file.storyboard; name = Base; path = Base.lproj/Main.storyboard; sourceTree = "<group>"; };
		8EA16B1B1CCB103F00B15E0A /* Assets.xcassets */ = {isa = PBXFileReference; lastKnownFileType = folder.assetcatalog; path = Assets.xcassets; sourceTree = "<group>"; };
		8EA16B1E1CCB103F00B15E0A /* Base */ = {isa = PBXFileReference; lastKnownFileType = file.storyboard; name = Base; path = Base.lproj/LaunchScreen.storyboard; sourceTree = "<group>"; };
		8EA16B201CCB103F00B15E0A /* Info.plist */ = {isa = PBXFileReference; lastKnownFileType = text.plist.xml; path = Info.plist; sourceTree = "<group>"; };
		8EA16B251CCB103F00B15E0A /* NSNotifcationCrackingTests.xctest */ = {isa = PBXFileReference; explicitFileType = wrapper.cfbundle; includeInIndex = 0; path = NSNotifcationCrackingTests.xctest; sourceTree = BUILT_PRODUCTS_DIR; };
		8EA16B291CCB103F00B15E0A /* NSNotifcationCrackingTests.m */ = {isa = PBXFileReference; lastKnownFileType = sourcecode.c.objc; path = NSNotifcationCrackingTests.m; sourceTree = "<group>"; };
		8EA16B2B1CCB103F00B15E0A /* Info.plist */ = {isa = PBXFileReference; lastKnownFileType = text.plist.xml; path = Info.plist; sourceTree = "<group>"; };
		8EA16B301CCB103F00B15E0A /* NSNotifcationCrackingUITests.xctest */ = {isa = PBXFileReference; explicitFileType = wrapper.cfbundle; includeInIndex = 0; path = NSNotifcationCrackingUITests.xctest; sourceTree = BUILT_PRODUCTS_DIR; };
		8EA16B341CCB103F00B15E0A /* NSNotifcationCrackingUITests.m */ = {isa = PBXFileReference; lastKnownFileType = sourcecode.c.objc; path = NSNotifcationCrackingUITests.m; sourceTree = "<group>"; };
		8EA16B361CCB103F00B15E0A /* Info.plist */ = {isa = PBXFileReference; lastKnownFileType = text.plist.xml; path = Info.plist; sourceTree = "<group>"; };
		8EA16B4C1CCB1B6800B15E0A /* SecondViewController.h */ = {isa = PBXFileReference; fileEncoding = 4; lastKnownFileType = sourcecode.c.h; path = SecondViewController.h; sourceTree = "<group>"; };
		8EA16B4D1CCB1B6800B15E0A /* SecondViewController.m */ = {isa = PBXFileReference; fileEncoding = 4; lastKnownFileType = sourcecode.c.objc; path = SecondViewController.m; sourceTree = "<group>"; };
		8EA16B511CCB20E600B15E0A /* HHNotification.h */ = {isa = PBXFileReference; fileEncoding = 4; lastKnownFileType = sourcecode.c.h; path = HHNotification.h; sourceTree = "<group>"; };
		8EA16B521CCB20E600B15E0A /* HHNotification.m */ = {isa = PBXFileReference; fileEncoding = 4; lastKnownFileType = sourcecode.c.objc; path = HHNotification.m; sourceTree = "<group>"; };
		8EA16B541CCB20F900B15E0A /* HHNotificationCenter.h */ = {isa = PBXFileReference; fileEncoding = 4; lastKnownFileType = sourcecode.c.h; path = HHNotificationCenter.h; sourceTree = "<group>"; };
		8EA16B551CCB20F900B15E0A /* HHNotificationCenter.m */ = {isa = PBXFileReference; fileEncoding = 4; lastKnownFileType = sourcecode.c.objc; path = HHNotificationCenter.m; sourceTree = "<group>"; };
/* End PBXFileReference section */

/* Begin PBXFrameworksBuildPhase section */
		8EA16B091CCB103E00B15E0A /* Frameworks */ = {
			isa = PBXFrameworksBuildPhase;
			buildActionMask = 2147483647;
			files = (
			);
			runOnlyForDeploymentPostprocessing = 0;
		};
		8EA16B221CCB103F00B15E0A /* Frameworks */ = {
			isa = PBXFrameworksBuildPhase;
			buildActionMask = 2147483647;
			files = (
			);
			runOnlyForDeploymentPostprocessing = 0;
		};
		8EA16B2D1CCB103F00B15E0A /* Frameworks */ = {
			isa = PBXFrameworksBuildPhase;
			buildActionMask = 2147483647;
			files = (
			);
			runOnlyForDeploymentPostprocessing = 0;
		};
/* End PBXFrameworksBuildPhase section */

/* Begin PBXGroup section */
		8EA16B031CCB103E00B15E0A = {
			isa = PBXGroup;
			children = (
				8EA16B0E1CCB103E00B15E0A /* NSNotifcationCracking */,
				8EA16B281CCB103F00B15E0A /* NSNotifcationCrackingTests */,
				8EA16B331CCB103F00B15E0A /* NSNotifcationCrackingUITests */,
				8EA16B0D1CCB103E00B15E0A /* Products */,
			);
			sourceTree = "<group>";
		};
		8EA16B0D1CCB103E00B15E0A /* Products */ = {
			isa = PBXGroup;
			children = (
				8EA16B0C1CCB103E00B15E0A /* NSNotifcationCracking.app */,
				8EA16B251CCB103F00B15E0A /* NSNotifcationCrackingTests.xctest */,
				8EA16B301CCB103F00B15E0A /* NSNotifcationCrackingUITests.xctest */,
			);
			name = Products;
			sourceTree = "<group>";
		};
		8EA16B0E1CCB103E00B15E0A /* NSNotifcationCracking */ = {
			isa = PBXGroup;
			children = (
				8EA16B121CCB103F00B15E0A /* AppDelegate.h */,
				8EA16B131CCB103F00B15E0A /* AppDelegate.m */,
				8EA16B151CCB103F00B15E0A /* ViewController.h */,
				8EA16B161CCB103F00B15E0A /* ViewController.m */,
				8EA16B4C1CCB1B6800B15E0A /* SecondViewController.h */,
				8EA16B4D1CCB1B6800B15E0A /* SecondViewController.m */,
				8EA16B511CCB20E600B15E0A /* HHNotification.h */,
				8EA16B521CCB20E600B15E0A /* HHNotification.m */,
				8EA16B541CCB20F900B15E0A /* HHNotificationCenter.h */,
				8EA16B551CCB20F900B15E0A /* HHNotificationCenter.m */,
				8EA16B181CCB103F00B15E0A /* Main.storyboard */,
				8EA16B1B1CCB103F00B15E0A /* Assets.xcassets */,
				8EA16B1D1CCB103F00B15E0A /* LaunchScreen.storyboard */,
				8EA16B201CCB103F00B15E0A /* Info.plist */,
				8EA16B0F1CCB103E00B15E0A /* Supporting Files */,
			);
			path = NSNotifcationCracking;
			sourceTree = "<group>";
		};
		8EA16B0F1CCB103E00B15E0A /* Supporting Files */ = {
			isa = PBXGroup;
			children = (
				8EA16B101CCB103F00B15E0A /* main.m */,
			);
			name = "Supporting Files";
			sourceTree = "<group>";
		};
		8EA16B281CCB103F00B15E0A /* NSNotifcationCrackingTests */ = {
			isa = PBXGroup;
			children = (
				8EA16B291CCB103F00B15E0A /* NSNotifcationCrackingTests.m */,
				8EA16B2B1CCB103F00B15E0A /* Info.plist */,
			);
			path = NSNotifcationCrackingTests;
			sourceTree = "<group>";
		};
		8EA16B331CCB103F00B15E0A /* NSNotifcationCrackingUITests */ = {
			isa = PBXGroup;
			children = (
				8EA16B341CCB103F00B15E0A /* NSNotifcationCrackingUITests.m */,
				8EA16B361CCB103F00B15E0A /* Info.plist */,
			);
			path = NSNotifcationCrackingUITests;
			sourceTree = "<group>";
		};
/* End PBXGroup section */

/* Begin PBXNativeTarget section */
		8EA16B0B1CCB103E00B15E0A /* NSNotifcationCracking */ = {
			isa = PBXNativeTarget;
			buildConfigurationList = 8EA16B391CCB103F00B15E0A /* Build configuration list for PBXNativeTarget "NSNotifcationCracking" */;
			buildPhases = (
				8EA16B081CCB103E00B15E0A /* Sources */,
				8EA16B091CCB103E00B15E0A /* Frameworks */,
				8EA16B0A1CCB103E00B15E0A /* Resources */,
			);
			buildRules = (
			);
			dependencies = (
			);
			name = NSNotifcationCracking;
			productName = NSNotifcationCracking;
			productReference = 8EA16B0C1CCB103E00B15E0A /* NSNotifcationCracking.app */;
			productType = "com.apple.product-type.application";
		};
		8EA16B241CCB103F00B15E0A /* NSNotifcationCrackingTests */ = {
			isa = PBXNativeTarget;
			buildConfigurationList = 8EA16B3C1CCB103F00B15E0A /* Build configuration list for PBXNativeTarget "NSNotifcationCrackingTests" */;
			buildPhases = (
				8EA16B211CCB103F00B15E0A /* Sources */,
				8EA16B221CCB103F00B15E0A /* Frameworks */,
				8EA16B231CCB103F00B15E0A /* Resources */,
			);
			buildRules = (
			);
			dependencies = (
				8EA16B271CCB103F00B15E0A /* PBXTargetDependency */,
			);
			name = NSNotifcationCrackingTests;
			productName = NSNotifcationCrackingTests;
			productReference = 8EA16B251CCB103F00B15E0A /* NSNotifcationCrackingTests.xctest */;
			productType = "com.apple.product-type.bundle.unit-test";
		};
		8EA16B2F1CCB103F00B15E0A /* NSNotifcationCrackingUITests */ = {
			isa = PBXNativeTarget;
			buildConfigurationList = 8EA16B3F1CCB103F00B15E0A /* Build configuration list for PBXNativeTarget "NSNotifcationCrackingUITests" */;
			buildPhases = (
				8EA16B2C1CCB103F00B15E0A /* Sources */,
				8EA16B2D1CCB103F00B15E0A /* Frameworks */,
				8EA16B2E1CCB103F00B15E0A /* Resources */,
			);
			buildRules = (
			);
			dependencies = (
				8EA16B321CCB103F00B15E0A /* PBXTargetDependency */,
			);
			name = NSNotifcationCrackingUITests;
			productName = NSNotifcationCrackingUITests;
			productReference = 8EA16B301CCB103F00B15E0A /* NSNotifcationCrackingUITests.xctest */;
			productType = "com.apple.product-type.bundle.ui-testing";
		};
/* End PBXNativeTarget section */

/* Begin PBXProject section */
		8EA16B041CCB103E00B15E0A /* Project object */ = {
			isa = PBXProject;
			attributes = {
				LastUpgradeCheck = 0730;
				ORGANIZATIONNAME = mask;
				TargetAttributes = {
					8EA16B0B1CCB103E00B15E0A = {
						CreatedOnToolsVersion = 7.3;
					};
					8EA16B241CCB103F00B15E0A = {
						CreatedOnToolsVersion = 7.3;
						TestTargetID = 8EA16B0B1CCB103E00B15E0A;
					};
					8EA16B2F1CCB103F00B15E0A = {
						CreatedOnToolsVersion = 7.3;
						TestTargetID = 8EA16B0B1CCB103E00B15E0A;
					};
				};
			};
			buildConfigurationList = 8EA16B071CCB103E00B15E0A /* Build configuration list for PBXProject "NSNotifcationCracking" */;
			compatibilityVersion = "Xcode 3.2";
			developmentRegion = English;
			hasScannedForEncodings = 0;
			knownRegions = (
				en,
				Base,
			);
			mainGroup = 8EA16B031CCB103E00B15E0A;
			productRefGroup = 8EA16B0D1CCB103E00B15E0A /* Products */;
			projectDirPath = "";
			projectRoot = "";
			targets = (
				8EA16B0B1CCB103E00B15E0A /* NSNotifcationCracking */,
				8EA16B241CCB103F00B15E0A /* NSNotifcationCrackingTests */,
				8EA16B2F1CCB103F00B15E0A /* NSNotifcationCrackingUITests */,
			);
		};
/* End PBXProject section */

/* Begin PBXResourcesBuildPhase section */
		8EA16B0A1CCB103E00B15E0A /* Resources */ = {
			isa = PBXResourcesBuildPhase;
			buildActionMask = 2147483647;
			files = (
				8EA16B1F1CCB103F00B15E0A /* LaunchScreen.storyboard in Resources */,
				8EA16B1C1CCB103F00B15E0A /* Assets.xcassets in Resources */,
				8EA16B1A1CCB103F00B15E0A /* Main.storyboard in Resources */,
			);
			runOnlyForDeploymentPostprocessing = 0;
		};
		8EA16B231CCB103F00B15E0A /* Resources */ = {
			isa = PBXResourcesBuildPhase;
			buildActionMask = 2147483647;
			files = (
			);
			runOnlyForDeploymentPostprocessing = 0;
		};
		8EA16B2E1CCB103F00B15E0A /* Resources */ = {
			isa = PBXResourcesBuildPhase;
			buildActionMask = 2147483647;
			files = (
			);
			runOnlyForDeploymentPostprocessing = 0;
		};
/* End PBXResourcesBuildPhase section */

/* Begin PBXSourcesBuildPhase section */
		8EA16B081CCB103E00B15E0A /* Sources */ = {
			isa = PBXSourcesBuildPhase;
			buildActionMask = 2147483647;
			files = (
				8EA16B4F1CCB1B6800B15E0A /* SecondViewController.m in Sources */,
				8EA16B171CCB103F00B15E0A /* ViewController.m in Sources */,
				8EA16B531CCB20E600B15E0A /* HHNotification.m in Sources */,
				8EA16B561CCB20F900B15E0A /* HHNotificationCenter.m in Sources */,
				8EA16B141CCB103F00B15E0A /* AppDelegate.m in Sources */,
				8EA16B111CCB103F00B15E0A /* main.m in Sources */,
			);
			runOnlyForDeploymentPostprocessing = 0;
		};
		8EA16B211CCB103F00B15E0A /* Sources */ = {
			isa = PBXSourcesBuildPhase;
			buildActionMask = 2147483647;
			files = (
				8EA16B2A1CCB103F00B15E0A /* NSNotifcationCrackingTests.m in Sources */,
			);
			runOnlyForDeploymentPostprocessing = 0;
		};
		8EA16B2C1CCB103F00B15E0A /* Sources */ = {
			isa = PBXSourcesBuildPhase;
			buildActionMask = 2147483647;
			files = (
				8EA16B351CCB103F00B15E0A /* NSNotifcationCrackingUITests.m in Sources */,
			);
			runOnlyForDeploymentPostprocessing = 0;
		};
/* End PBXSourcesBuildPhase section */

/* Begin PBXTargetDependency section */
		8EA16B271CCB103F00B15E0A /* PBXTargetDependency */ = {
			isa = PBXTargetDependency;
			target = 8EA16B0B1CCB103E00B15E0A /* NSNotifcationCracking */;
			targetProxy = 8EA16B261CCB103F00B15E0A /* PBXContainerItemProxy */;
		};
		8EA16B321CCB103F00B15E0A /* PBXTargetDependency */ = {
			isa = PBXTargetDependency;
			target = 8EA16B0B1CCB103E00B15E0A /* NSNotifcationCracking */;
			targetProxy = 8EA16B311CCB103F00B15E0A /* PBXContainerItemProxy */;
		};
/* End PBXTargetDependency section */

/* Begin PBXVariantGroup section */
		8EA16B181CCB103F00B15E0A /* Main.storyboard */ = {
			isa = PBXVariantGroup;
			children = (
				8EA16B191CCB103F00B15E0A /* Base */,
			);
			name = Main.storyboard;
			sourceTree = "<group>";
		};
		8EA16B1D1CCB103F00B15E0A /* LaunchScreen.storyboard */ = {
			isa = PBXVariantGroup;
			children = (
				8EA16B1E1CCB103F00B15E0A /* Base */,
			);
			name = LaunchScreen.storyboard;
			sourceTree = "<group>";
		};
/* End PBXVariantGroup section */

/* Begin XCBuildConfiguration section */
		8EA16B371CCB103F00B15E0A /* Debug */ = {
			isa = XCBuildConfiguration;
			buildSettings = {
				ALWAYS_SEARCH_USER_PATHS = NO;
				CLANG_ANALYZER_NONNULL = YES;
				CLANG_CXX_LANGUAGE_STANDARD = "gnu++0x";
				CLANG_CXX_LIBRARY = "libc++";
				CLANG_ENABLE_MODULES = YES;
				CLANG_ENABLE_OBJC_ARC = YES;
				CLANG_WARN_BOOL_CONVERSION = YES;
				CLANG_WARN_CONSTANT_CONVERSION = YES;
				CLANG_WARN_DIRECT_OBJC_ISA_USAGE = YES_ERROR;
				CLANG_WARN_EMPTY_BODY = YES;
				CLANG_WARN_ENUM_CONVERSION = YES;
				CLANG_WARN_INT_CONVERSION = YES;
				CLANG_WARN_OBJC_ROOT_CLASS = YES_ERROR;
				CLANG_WARN_UNREACHABLE_CODE = YES;
				CLANG_WARN__DUPLICATE_METHOD_MATCH = YES;
				"CODE_SIGN_IDENTITY[sdk=iphoneos*]" = "iPhone Developer";
				COPY_PHASE_STRIP = NO;
				DEBUG_INFORMATION_FORMAT = dwarf;
				ENABLE_STRICT_OBJC_MSGSEND = YES;
				ENABLE_TESTABILITY = YES;
				GCC_C_LANGUAGE_STANDARD = gnu99;
				GCC_DYNAMIC_NO_PIC = NO;
				GCC_NO_COMMON_BLOCKS = YES;
				GCC_OPTIMIZATION_LEVEL = 0;
				GCC_PREPROCESSOR_DEFINITIONS = (
					"DEBUG=1",
					"$(inherited)",
				);
				GCC_WARN_64_TO_32_BIT_CONVERSION = YES;
				GCC_WARN_ABOUT_RETURN_TYPE = YES_ERROR;
				GCC_WARN_UNDECLARED_SELECTOR = YES;
				GCC_WARN_UNINITIALIZED_AUTOS = YES_AGGRESSIVE;
				GCC_WARN_UNUSED_FUNCTION = YES;
				GCC_WARN_UNUSED_VARIABLE = YES;
				IPHONEOS_DEPLOYMENT_TARGET = 9.3;
				MTL_ENABLE_DEBUG_INFO = YES;
				ONLY_ACTIVE_ARCH = YES;
				SDKROOT = iphoneos;
			};
			name = Debug;
		};
		8EA16B381CCB103F00B15E0A /* Release */ = {
			isa = XCBuildConfiguration;
			buildSettings = {
				ALWAYS_SEARCH_USER_PATHS = NO;
				CLANG_ANALYZER_NONNULL = YES;
				CLANG_CXX_LANGUAGE_STANDARD = "gnu++0x";
				CLANG_CXX_LIBRARY = "libc++";
				CLANG_ENABLE_MODULES = YES;
				CLANG_ENABLE_OBJC_ARC = YES;
				CLANG_WARN_BOOL_CONVERSION = YES;
				CLANG_WARN_CONSTANT_CONVERSION = YES;
				CLANG_WARN_DIRECT_OBJC_ISA_USAGE = YES_ERROR;
				CLANG_WARN_EMPTY_BODY = YES;
				CLANG_WARN_ENUM_CONVERSION = YES;
				CLANG_WARN_INT_CONVERSION = YES;
				CLANG_WARN_OBJC_ROOT_CLASS = YES_ERROR;
				CLANG_WARN_UNREACHABLE_CODE = YES;
				CLANG_WARN__DUPLICATE_METHOD_MATCH = YES;
				"CODE_SIGN_IDENTITY[sdk=iphoneos*]" = "iPhone Developer";
				COPY_PHASE_STRIP = NO;
				DEBUG_INFORMATION_FORMAT = "dwarf-with-dsym";
				ENABLE_NS_ASSERTIONS = NO;
				ENABLE_STRICT_OBJC_MSGSEND = YES;
				GCC_C_LANGUAGE_STANDARD = gnu99;
				GCC_NO_COMMON_BLOCKS = YES;
				GCC_WARN_64_TO_32_BIT_CONVERSION = YES;
				GCC_WARN_ABOUT_RETURN_TYPE = YES_ERROR;
				GCC_WARN_UNDECLARED_SELECTOR = YES;
				GCC_WARN_UNINITIALIZED_AUTOS = YES_AGGRESSIVE;
				GCC_WARN_UNUSED_FUNCTION = YES;
				GCC_WARN_UNUSED_VARIABLE = YES;
				IPHONEOS_DEPLOYMENT_TARGET = 9.3;
				MTL_ENABLE_DEBUG_INFO = NO;
				SDKROOT = iphoneos;
				VALIDATE_PRODUCT = YES;
			};
			name = Release;
		};
		8EA16B3A1CCB103F00B15E0A /* Debug */ = {
			isa = XCBuildConfiguration;
			buildSettings = {
				ASSETCATALOG_COMPILER_APPICON_NAME = AppIcon;
				INFOPLIST_FILE = NSNotifcationCracking/Info.plist;
				LD_RUNPATH_SEARCH_PATHS = "$(inherited) @executable_path/Frameworks";
				PRODUCT_BUNDLE_IDENTIFIER = com.mask.NSNotifcationCracking;
				PRODUCT_NAME = "$(TARGET_NAME)";
			};
			name = Debug;
		};
		8EA16B3B1CCB103F00B15E0A /* Release */ = {
			isa = XCBuildConfiguration;
			buildSettings = {
				ASSETCATALOG_COMPILER_APPICON_NAME = AppIcon;
				INFOPLIST_FILE = NSNotifcationCracking/Info.plist;
				LD_RUNPATH_SEARCH_PATHS = "$(inherited) @executable_path/Frameworks";
				PRODUCT_BUNDLE_IDENTIFIER = com.mask.NSNotifcationCracking;
				PRODUCT_NAME = "$(TARGET_NAME)";
			};
			name = Release;
		};
		8EA16B3D1CCB103F00B15E0A /* Debug */ = {
			isa = XCBuildConfiguration;
			buildSettings = {
				BUNDLE_LOADER = "$(TEST_HOST)";
				INFOPLIST_FILE = NSNotifcationCrackingTests/Info.plist;
				LD_RUNPATH_SEARCH_PATHS = "$(inherited) @executable_path/Frameworks @loader_path/Frameworks";
				PRODUCT_BUNDLE_IDENTIFIER = com.mask.NSNotifcationCrackingTests;
				PRODUCT_NAME = "$(TARGET_NAME)";
				TEST_HOST = "$(BUILT_PRODUCTS_DIR)/NSNotifcationCracking.app/NSNotifcationCracking";
			};
			name = Debug;
		};
		8EA16B3E1CCB103F00B15E0A /* Release */ = {
			isa = XCBuildConfiguration;
			buildSettings = {
				BUNDLE_LOADER = "$(TEST_HOST)";
				INFOPLIST_FILE = NSNotifcationCrackingTests/Info.plist;
				LD_RUNPATH_SEARCH_PATHS = "$(inherited) @executable_path/Frameworks @loader_path/Frameworks";
				PRODUCT_BUNDLE_IDENTIFIER = com.mask.NSNotifcationCrackingTests;
				PRODUCT_NAME = "$(TARGET_NAME)";
				TEST_HOST = "$(BUILT_PRODUCTS_DIR)/NSNotifcationCracking.app/NSNotifcationCracking";
			};
			name = Release;
		};
		8EA16B401CCB103F00B15E0A /* Debug */ = {
			isa = XCBuildConfiguration;
			buildSettings = {
				INFOPLIST_FILE = NSNotifcationCrackingUITests/Info.plist;
				LD_RUNPATH_SEARCH_PATHS = "$(inherited) @executable_path/Frameworks @loader_path/Frameworks";
				PRODUCT_BUNDLE_IDENTIFIER = com.mask.NSNotifcationCrackingUITests;
				PRODUCT_NAME = "$(TARGET_NAME)";
				TEST_TARGET_NAME = NSNotifcationCracking;
			};
			name = Debug;
		};
		8EA16B411CCB103F00B15E0A /* Release */ = {
			isa = XCBuildConfiguration;
			buildSettings = {
				INFOPLIST_FILE = NSNotifcationCrackingUITests/Info.plist;
				LD_RUNPATH_SEARCH_PATHS = "$(inherited) @executable_path/Frameworks @loader_path/Frameworks";
				PRODUCT_BUNDLE_IDENTIFIER = com.mask.NSNotifcationCrackingUITests;
				PRODUCT_NAME = "$(TARGET_NAME)";
				TEST_TARGET_NAME = NSNotifcationCracking;
			};
			name = Release;
		};
/* End XCBuildConfiguration section */

/* Begin XCConfigurationList section */
		8EA16B071CCB103E00B15E0A /* Build configuration list for PBXProject "NSNotifcationCracking" */ = {
			isa = XCConfigurationList;
			buildConfigurations = (
				8EA16B371CCB103F00B15E0A /* Debug */,
				8EA16B381CCB103F00B15E0A /* Release */,
			);
			defaultConfigurationIsVisible = 0;
			defaultConfigurationName = Release;
		};
		8EA16B391CCB103F00B15E0A /* Build configuration list for PBXNativeTarget "NSNotifcationCracking" */ = {
			isa = XCConfigurationList;
			buildConfigurations = (
				8EA16B3A1CCB103F00B15E0A /* Debug */,
				8EA16B3B1CCB103F00B15E0A /* Release */,
			);
			defaultConfigurationIsVisible = 0;
		};
		8EA16B3C1CCB103F00B15E0A /* Build configuration list for PBXNativeTarget "NSNotifcationCrackingTests" */ = {
			isa = XCConfigurationList;
			buildConfigurations = (
				8EA16B3D1CCB103F00B15E0A /* Debug */,
				8EA16B3E1CCB103F00B15E0A /* Release */,
			);
			defaultConfigurationIsVisible = 0;
		};
		8EA16B3F1CCB103F00B15E0A /* Build configuration list for PBXNativeTarget "NSNotifcationCrackingUITests" */ = {
			isa = XCConfigurationList;
			buildConfigurations = (
				8EA16B401CCB103F00B15E0A /* Debug */,
				8EA16B411CCB103F00B15E0A /* Release */,
			);
			defaultConfigurationIsVisible = 0;
		};
/* End XCConfigurationList section */
	};
	rootObject = 8EA16B041CCB103E00B15E0A /* Project object */;
}
